
Microsoft Visual Studio Solution File, Format Version 12.00
# Visual Studio Version 17
VisualStudioVersion = 17.14.36518.9 d17.14
MinimumVisualStudioVersion = 10.0.40219.1
Project("{FAE04EC0-301F-11D3-BF4B-00C04F79EFBC}") = "APWikiBot", "APWikiBot.csproj", "{629C36E3-3B51-4D02-A72D-4875C054E330}"
EndProject
Global
	GlobalSection(SolutionConfigurationPlatforms) = preSolution
		Debug|Any CPU = Debug|Any CPU
		Release|Any CPU = Release|Any CPU
	EndGlobalSection
	GlobalSection(ProjectConfigurationPlatforms) = postSolution
		{629C36E3-3B51-4D02-A72D-4875C054E330}.Debug|Any CPU.ActiveCfg = Debug|Any CPU
		{629C36E3-3B51-4D02-A72D-4875C054E330}.Debug|Any CPU.Build.0 = Debug|Any CPU
		{629C36E3-3B51-4D02-A72D-4875C054E330}.Release|Any CPU.ActiveCfg = Release|Any CPU
		{629C36E3-3B51-4D02-A72D-4875C054E330}.Release|Any CPU.Build.0 = Release|Any CPU
	EndGlobalSection
	GlobalSection(SolutionProperties) = preSolution
		HideSolutionNode = FALSE
	EndGlobalSection
	GlobalSection(ExtensibilityGlobals) = postSolution
		SolutionGuid = {35F2DC15-A5E2-4D58-8B08-7D20BAD51969}
	EndGlobalSection
EndGlobal
